
Microsoft Visual Studio Solution File, Format Version 12.00
# Visual Studio Version 16
VisualStudioVersion = 16.0.31515.178
MinimumVisualStudioVersion = 10.0.40219.1
Project("{9A19103F-16F7-4668-BE54-9A1E7A4F7556}") = "Jaggaer2", "Jaggaer2.csproj", "{5E089763-CACD-47FC-85BF-1C1C4184FC1B}"
EndProject
Project("{FAE04EC0-301F-11D3-BF4B-00C04F79EFBC}") = "SeleniumExtensions", "..\SeleniumExtensions\SeleniumExtensions.csproj", "{F236C4F7-3F35-46E7-B635-92557DD07A05}"
EndProject
Global
	GlobalSection(SolutionConfigurationPlatforms) = preSolution
		Debug|Any CPU = Debug|Any CPU
		Release|Any CPU = Release|Any CPU
	EndGlobalSection
	GlobalSection(ProjectConfigurationPlatforms) = postSolution
		{5E089763-CACD-47FC-85BF-1C1C4184FC1B}.Debug|Any CPU.ActiveCfg = Debug|Any CPU
		{5E089763-CACD-47FC-85BF-1C1C4184FC1B}.Debug|Any CPU.Build.0 = Debug|Any CPU
		{5E089763-CACD-47FC-85BF-1C1C4184FC1B}.Release|Any CPU.ActiveCfg = Release|Any CPU
		{5E089763-CACD-47FC-85BF-1C1C4184FC1B}.Release|Any CPU.Build.0 = Release|Any CPU
		{F236C4F7-3F35-46E7-B635-92557DD07A05}.Debug|Any CPU.ActiveCfg = Debug|Any CPU
		{F236C4F7-3F35-46E7-B635-92557DD07A05}.Debug|Any CPU.Build.0 = Debug|Any CPU
		{F236C4F7-3F35-46E7-B635-92557DD07A05}.Release|Any CPU.ActiveCfg = Release|Any CPU
		{F236C4F7-3F35-46E7-B635-92557DD07A05}.Release|Any CPU.Build.0 = Release|Any CPU
	EndGlobalSection
	GlobalSection(SolutionProperties) = preSolution
		HideSolutionNode = FALSE
	EndGlobalSection
	GlobalSection(ExtensibilityGlobals) = postSolution
		SolutionGuid = {DDAE6C3A-7330-46CB-B9B0-C3272D0BE5A5}
	EndGlobalSection
EndGlobal
